
Microsoft Visual Studio Solution File, Format Version 12.00
# Visual Studio 15
VisualStudioVersion = 15.0.28307.271
MinimumVisualStudioVersion = 10.0.40219.1
Project("{9A19103F-16F7-4668-BE54-9A1E7A4F7556}") = "TaxiFarePrediction", "TaxiFarePrediction\TaxiFarePrediction.csproj", "{E2A833CA-6CB6-4F74-9435-ADE9C1E38DBC}"
EndProject
Global
	GlobalSection(SolutionConfigurationPlatforms) = preSolution
		Debug|Any CPU = Debug|Any CPU
		Release|Any CPU = Release|Any CPU
	EndGlobalSection
	GlobalSection(ProjectConfigurationPlatforms) = postSolution
		{E2A833CA-6CB6-4F74-9435-ADE9C1E38DBC}.Debug|Any CPU.ActiveCfg = Debug|Any CPU
		{E2A833CA-6CB6-4F74-9435-ADE9C1E38DBC}.Debug|Any CPU.Build.0 = Debug|Any CPU
		{E2A833CA-6CB6-4F74-9435-ADE9C1E38DBC}.Release|Any CPU.ActiveCfg = Release|Any CPU
		{E2A833CA-6CB6-4F74-9435-ADE9C1E38DBC}.Release|Any CPU.Build.0 = Release|Any CPU
	EndGlobalSection
	GlobalSection(SolutionProperties) = preSolution
		HideSolutionNode = FALSE
	EndGlobalSection
	GlobalSection(ExtensibilityGlobals) = postSolution
		SolutionGuid = {E66DB9BF-99F1-4498-912C-8D58D8A80291}
	EndGlobalSection
EndGlobal
